
Microsoft Visual Studio Solution File, Format Version 12.00
# Visual Studio Version 17
VisualStudioVersion = 17.14.37502.11 d17.14
MinimumVisualStudioVersion = 10.0.40219.1
Project("{FAE04EC0-301F-11D3-BF4B-00C04F79EFBC}") = "MicroCliente", "MicroCliente\MicroCliente.csproj", "{3F7BE376-0D31-4CE9-B4A4-8EAA63515103}"
EndProject
Global
	GlobalSection(SolutionConfigurationPlatforms) = preSolution
		Debug|Any CPU = Debug|Any CPU
		Release|Any CPU = Release|Any CPU
	EndGlobalSection
	GlobalSection(ProjectConfigurationPlatforms) = postSolution
		{3F7BE376-0D31-4CE9-B4A4-8EAA63515103}.Debug|Any CPU.ActiveCfg = Debug|Any CPU
		{3F7BE376-0D31-4CE9-B4A4-8EAA63515103}.Debug|Any CPU.Build.0 = Debug|Any CPU
		{3F7BE376-0D31-4CE9-B4A4-8EAA63515103}.Release|Any CPU.ActiveCfg = Release|Any CPU
		{3F7BE376-0D31-4CE9-B4A4-8EAA63515103}.Release|Any CPU.Build.0 = Release|Any CPU
	EndGlobalSection
	GlobalSection(SolutionProperties) = preSolution
		HideSolutionNode = FALSE
	EndGlobalSection
	GlobalSection(ExtensibilityGlobals) = postSolution
		SolutionGuid = {F7C322CE-8808-4EB2-9440-AC8264B8FAF8}
	EndGlobalSection
EndGlobal
